
Microsoft Visual Studio Solution File, Format Version 12.00
# Visual Studio 15
VisualStudioVersion = 15.0.26730.16
MinimumVisualStudioVersion = 10.0.40219.1
Project("{FAE04EC0-301F-11D3-BF4B-00C04F79EFBC}") = "ManageMe", "ManageMe\ManageMe.csproj", "{1E0EA3F3-60FD-4E26-A8B7-787AAE9659BD}"
EndProject
Global
	GlobalSection(SolutionConfigurationPlatforms) = preSolution
		Debug|Any CPU = Debug|Any CPU
		Release|Any CPU = Release|Any CPU
	EndGlobalSection
	GlobalSection(ProjectConfigurationPlatforms) = postSolution
		{1E0EA3F3-60FD-4E26-A8B7-787AAE9659BD}.Debug|Any CPU.ActiveCfg = Debug|Any CPU
		{1E0EA3F3-60FD-4E26-A8B7-787AAE9659BD}.Debug|Any CPU.Build.0 = Debug|Any CPU
		{1E0EA3F3-60FD-4E26-A8B7-787AAE9659BD}.Release|Any CPU.ActiveCfg = Release|Any CPU
		{1E0EA3F3-60FD-4E26-A8B7-787AAE9659BD}.Release|Any CPU.Build.0 = Release|Any CPU
	EndGlobalSection
	GlobalSection(SolutionProperties) = preSolution
		HideSolutionNode = FALSE
	EndGlobalSection
	GlobalSection(ExtensibilityGlobals) = postSolution
		SolutionGuid = {8FFE948B-6575-44FA-B379-97A4B2696AEB}
	EndGlobalSection
EndGlobal
